// !$*UTF8*$!
{
	archiveVersion = 1;
	classes = {
	};
	objectVersion = 46;
	objects = {

/* Begin PBXBuildFile section */
		945FD46B1F73DAAF00745016 /* AppDelegate.swift in Sources */ = {isa = PBXBuildFile; fileRef = 945FD46A1F73DAAF00745016 /* AppDelegate.swift */; };
		945FD46D1F73DAAF00745016 /* ViewController.swift in Sources */ = {isa = PBXBuildFile; fileRef = 945FD46C1F73DAAF00745016 /* ViewController.swift */; };
		945FD4701F73DAAF00745016 /* Main.storyboard in Resources */ = {isa = PBXBuildFile; fileRef = 945FD46E1F73DAAF00745016 /* Main.storyboard */; };
		945FD4721F73DAAF00745016 /* Assets.xcassets in Resources */ = {isa = PBXBuildFile; fileRef = 945FD4711F73DAAF00745016 /* Assets.xcassets */; };
		945FD4751F73DAAF00745016 /* LaunchScreen.storyboard in Resources */ = {isa = PBXBuildFile; fileRef = 945FD4731F73DAAF00745016 /* LaunchScreen.storyboard */; };
		94F277D01F74A15B00E9B621 /* CashStategyViewController.swift in Sources */ = {isa = PBXBuildFile; fileRef = 94F277CF1F74A15B00E9B621 /* CashStategyViewController.swift */; };
/* End PBXBuildFile section */

/* Begin PBXFileReference section */
		945FD4671F73DAAF00745016 /* StrategyMode.app */ = {isa = PBXFileReference; explicitFileType = wrapper.application; includeInIndex = 0; path = StrategyMode.app; sourceTree = BUILT_PRODUCTS_DIR; };
		945FD46A1F73DAAF00745016 /* AppDelegate.swift */ = {isa = PBXFileReference; lastKnownFileType = sourcecode.swift; path = AppDelegate.swift; sourceTree = "<group>"; };
		945FD46C1F73DAAF00745016 /* ViewController.swift */ = {isa = PBXFileReference; lastKnownFileType = sourcecode.swift; path = ViewController.swift; sourceTree = "<group>"; };
		945FD46F1F73DAAF00745016 /* Base */ = {isa = PBXFileReference; lastKnownFileType = file.storyboard; name = Base; path = Base.lproj/Main.storyboard; sourceTree = "<group>"; };
		945FD4711F73DAAF00745016 /* Assets.xcassets */ = {isa = PBXFileReference; lastKnownFileType = folder.assetcatalog; path = Assets.xcassets; sourceTree = "<group>"; };
		945FD4741F73DAAF00745016 /* Base */ = {isa = PBXFileReference; lastKnownFileType = file.storyboard; name = Base; path = Base.lproj/LaunchScreen.storyboard; sourceTree = "<group>"; };
		945FD4761F73DAAF00745016 /* Info.plist */ = {isa = PBXFileReference; lastKnownFileType = text.plist.xml; path = Info.plist; sourceTree = "<group>"; };
		94F277CF1F74A15B00E9B621 /* CashStategyViewController.swift */ = {isa = PBXFileReference; fileEncoding = 4; lastKnownFileType = sourcecode.swift; path = CashStategyViewController.swift; sourceTree = "<group>"; };
/* End PBXFileReference section */

/* Begin PBXFrameworksBuildPhase section */
		945FD4641F73DAAF00745016 /* Frameworks */ = {
			isa = PBXFrameworksBuildPhase;
			buildActionMask = 2147483647;
			files = (
			);
			runOnlyForDeploymentPostprocessing = 0;
		};
/* End PBXFrameworksBuildPhase section */

/* Begin PBXGroup section */
		945FD45E1F73DAAF00745016 = {
			isa = PBXGroup;
			children = (
				945FD4691F73DAAF00745016 /* StrategyMode */,
				945FD4681F73DAAF00745016 /* Products */,
			);
			sourceTree = "<group>";
		};
		945FD4681F73DAAF00745016 /* Products */ = {
			isa = PBXGroup;
			children = (
				945FD4671F73DAAF00745016 /* StrategyMode.app */,
			);
			name = Products;
			sourceTree = "<group>";
		};
		945FD4691F73DAAF00745016 /* StrategyMode */ = {
			isa = PBXGroup;
			children = (
				945FD46A1F73DAAF00745016 /* AppDelegate.swift */,
				945FD46C1F73DAAF00745016 /* ViewController.swift */,
				94F277CF1F74A15B00E9B621 /* CashStategyViewController.swift */,
				945FD46E1F73DAAF00745016 /* Main.storyboard */,
				945FD4711F73DAAF00745016 /* Assets.xcassets */,
				945FD4731F73DAAF00745016 /* LaunchScreen.storyboard */,
				945FD4761F73DAAF00745016 /* Info.plist */,
			);
			path = StrategyMode;
			sourceTree = "<group>";
		};
/* End PBXGroup section */

/* Begin PBXNativeTarget section */
		945FD4661F73DAAF00745016 /* StrategyMode */ = {
			isa = PBXNativeTarget;
			buildConfigurationList = 945FD4791F73DAAF00745016 /* Build configuration list for PBXNativeTarget "StrategyMode" */;
			buildPhases = (
				945FD4631F73DAAF00745016 /* Sources */,
				945FD4641F73DAAF00745016 /* Frameworks */,
				945FD4651F73DAAF00745016 /* Resources */,
			);
			buildRules = (
			);
			dependencies = (
			);
			name = StrategyMode;
			productName = StrategyMode;
			productReference = 945FD4671F73DAAF00745016 /* StrategyMode.app */;
			productType = "com.apple.product-type.application";
		};
/* End PBXNativeTarget section */

/* Begin PBXProject section */
		945FD45F1F73DAAF00745016 /* Project object */ = {
			isa = PBXProject;
			attributes = {
				LastSwiftUpdateCheck = 0830;
				LastUpgradeCheck = 0830;
				ORGANIZATIONNAME = ibuildtek;
				TargetAttributes = {
					945FD4661F73DAAF00745016 = {
						CreatedOnToolsVersion = 8.3.3;
						DevelopmentTeam = RS5VVQU2Q4;
						ProvisioningStyle = Automatic;
					};
				};
			};
			buildConfigurationList = 945FD4621F73DAAF00745016 /* Build configuration list for PBXProject "StrategyMode" */;
			compatibilityVersion = "Xcode 3.2";
			developmentRegion = English;
			hasScannedForEncodings = 0;
			knownRegions = (
				en,
				Base,
			);
			mainGroup = 945FD45E1F73DAAF00745016;
			productRefGroup = 945FD4681F73DAAF00745016 /* Products */;
			projectDirPath = "";
			projectRoot = "";
			targets = (
				945FD4661F73DAAF00745016 /* StrategyMode */,
			);
		};
/* End PBXProject section */

/* Begin PBXResourcesBuildPhase section */
		945FD4651F73DAAF00745016 /* Resources */ = {
			isa = PBXResourcesBuildPhase;
			buildActionMask = 2147483647;
			files = (
				945FD4751F73DAAF00745016 /* LaunchScreen.storyboard in Resources */,
				945FD4721F73DAAF00745016 /* Assets.xcassets in Resources */,
				945FD4701F73DAAF00745016 /* Main.storyboard in Resources */,
			);
			runOnlyForDeploymentPostprocessing = 0;
		};
/* End PBXResourcesBuildPhase section */

/* Begin PBXSourcesBuildPhase section */
		945FD4631F73DAAF00745016 /* Sources */ = {
			isa = PBXSourcesBuildPhase;
			buildActionMask = 2147483647;
			files = (
				945FD46D1F73DAAF00745016 /* ViewController.swift in Sources */,
				94F277D01F74A15B00E9B621 /* CashStategyViewController.swift in Sources */,
				945FD46B1F73DAAF00745016 /* AppDelegate.swift in Sources */,
			);
			runOnlyForDeploymentPostprocessing = 0;
		};
/* End PBXSourcesBuildPhase section */

/* Begin PBXVariantGroup section */
		945FD46E1F73DAAF00745016 /* Main.storyboard */ = {
			isa = PBXVariantGroup;
			children = (
				945FD46F1F73DAAF00745016 /* Base */,
			);
			name = Main.storyboard;
			sourceTree = "<group>";
		};
		945FD4731F73DAAF00745016 /* LaunchScreen.storyboard */ = {
			isa = PBXVariantGroup;
			children = (
				945FD4741F73DAAF00745016 /* Base */,
			);
			name = LaunchScreen.storyboard;
			sourceTree = "<group>";
		};
/* End PBXVariantGroup section */

/* Begin XCBuildConfiguration section */
		945FD4771F73DAAF00745016 /* Debug */ = {
			isa = XCBuildConfiguration;
			buildSettings = {
				ALWAYS_SEARCH_USER_PATHS = NO;
				CLANG_ANALYZER_NONNULL = YES;
				CLANG_ANALYZER_NUMBER_OBJECT_CONVERSION = YES_AGGRESSIVE;
				CLANG_CXX_LANGUAGE_STANDARD = "gnu++0x";
				CLANG_CXX_LIBRARY = "libc++";
				CLANG_ENABLE_MODULES = YES;
				CLANG_ENABLE_OBJC_ARC = YES;
				CLANG_WARN_BOOL_CONVERSION = YES;
				CLANG_WARN_CONSTANT_CONVERSION = YES;
				CLANG_WARN_DIRECT_OBJC_ISA_USAGE = YES_ERROR;
				CLANG_WARN_DOCUMENTATION_COMMENTS = YES;
				CLANG_WARN_EMPTY_BODY = YES;
				CLANG_WARN_ENUM_CONVERSION = YES;
				CLANG_WARN_INFINITE_RECURSION = YES;
				CLANG_WARN_INT_CONVERSION = YES;
				CLANG_WARN_OBJC_ROOT_CLASS = YES_ERROR;
				CLANG_WARN_SUSPICIOUS_MOVE = YES;
				CLANG_WARN_UNREACHABLE_CODE = YES;
				CLANG_WARN__DUPLICATE_METHOD_MATCH = YES;
				"CODE_SIGN_IDENTITY[sdk=iphoneos*]" = "iPhone Developer";
				COPY_PHASE_STRIP = NO;
				DEBUG_INFORMATION_FORMAT = dwarf;
				ENABLE_STRICT_OBJC_MSGSEND = YES;
				ENABLE_TESTABILITY = YES;
				GCC_C_LANGUAGE_STANDARD = gnu99;
				GCC_DYNAMIC_NO_PIC = NO;
				GCC_NO_COMMON_BLOCKS = YES;
				GCC_OPTIMIZATION_LEVEL = 0;
				GCC_PREPROCESSOR_DEFINITIONS = (
					"DEBUG=1",
					"$(inherited)",
				);
				GCC_WARN_64_TO_32_BIT_CONVERSION = YES;
				GCC_WARN_ABOUT_RETURN_TYPE = YES_ERROR;
				GCC_WARN_UNDECLARED_SELECTOR = YES;
				GCC_WARN_UNINITIALIZED_AUTOS = YES_AGGRESSIVE;
				GCC_WARN_UNUSED_FUNCTION = YES;
				GCC_WARN_UNUSED_VARIABLE = YES;
				IPHONEOS_DEPLOYMENT_TARGET = 10.3;
				MTL_ENABLE_DEBUG_INFO = YES;
				ONLY_ACTIVE_ARCH = YES;
				SDKROOT = iphoneos;
				SWIFT_ACTIVE_COMPILATION_CONDITIONS = DEBUG;
				SWIFT_OPTIMIZATION_LEVEL = "-Onone";
				TARGETED_DEVICE_FAMILY = "1,2";
			};
			name = Debug;
		};
		945FD4781F73DAAF00745016 /* Release */ = {
			isa = XCBuildConfiguration;
			buildSettings = {
				ALWAYS_SEARCH_USER_PATHS = NO;
				CLANG_ANALYZER_NONNULL = YES;
				CLANG_ANALYZER_NUMBER_OBJECT_CONVERSION = YES_AGGRESSIVE;
				CLANG_CXX_LANGUAGE_STANDARD = "gnu++0x";
				CLANG_CXX_LIBRARY = "libc++";
				CLANG_ENABLE_MODULES = YES;
				CLANG_ENABLE_OBJC_ARC = YES;
				CLANG_WARN_BOOL_CONVERSION = YES;
				CLANG_WARN_CONSTANT_CONVERSION = YES;
				CLANG_WARN_DIRECT_OBJC_ISA_USAGE = YES_ERROR;
				CLANG_WARN_DOCUMENTATION_COMMENTS = YES;
				CLANG_WARN_EMPTY_BODY = YES;
				CLANG_WARN_ENUM_CONVERSION = YES;
				CLANG_WARN_INFINITE_RECURSION = YES;
				CLANG_WARN_INT_CONVERSION = YES;
				CLANG_WARN_OBJC_ROOT_CLASS = YES_ERROR;
				CLANG_WARN_SUSPICIOUS_MOVE = YES;
				CLANG_WARN_UNREACHABLE_CODE = YES;
				CLANG_WARN__DUPLICATE_METHOD_MATCH = YES;
				"CODE_SIGN_IDENTITY[sdk=iphoneos*]" = "iPhone Developer";
				COPY_PHASE_STRIP = NO;
				DEBUG_INFORMATION_FORMAT = "dwarf-with-dsym";
				ENABLE_NS_ASSERTIONS = NO;
				ENABLE_STRICT_OBJC_MSGSEND = YES;
				GCC_C_LANGUAGE_STANDARD = gnu99;
				GCC_NO_COMMON_BLOCKS = YES;
				GCC_WARN_64_TO_32_BIT_CONVERSION = YES;
				GCC_WARN_ABOUT_RETURN_TYPE = YES_ERROR;
				GCC_WARN_UNDECLARED_SELECTOR = YES;
				GCC_WARN_UNINITIALIZED_AUTOS = YES_AGGRESSIVE;
				GCC_WARN_UNUSED_FUNCTION = YES;
				GCC_WARN_UNUSED_VARIABLE = YES;
				IPHONEOS_DEPLOYMENT_TARGET = 10.3;
				MTL_ENABLE_DEBUG_INFO = NO;
				SDKROOT = iphoneos;
				SWIFT_OPTIMIZATION_LEVEL = "-Owholemodule";
				TARGETED_DEVICE_FAMILY = "1,2";
				VALIDATE_PRODUCT = YES;
			};
			name = Release;
		};
		945FD47A1F73DAAF00745016 /* Debug */ = {
			isa = XCBuildConfiguration;
			buildSettings = {
				ASSETCATALOG_COMPILER_APPICON_NAME = AppIcon;
				DEVELOPMENT_TEAM = RS5VVQU2Q4;
				INFOPLIST_FILE = StrategyMode/Info.plist;
				LD_RUNPATH_SEARCH_PATHS = "$(inherited) @executable_path/Frameworks";
				PRODUCT_BUNDLE_IDENTIFIER = com.ibuildtek.StrategyMode;
				PRODUCT_NAME = "$(TARGET_NAME)";
				SWIFT_VERSION = 3.0;
			};
			name = Debug;
		};
		945FD47B1F73DAAF00745016 /* Release */ = {
			isa = XCBuildConfiguration;
			buildSettings = {
				ASSETCATALOG_COMPILER_APPICON_NAME = AppIcon;
				DEVELOPMENT_TEAM = RS5VVQU2Q4;
				INFOPLIST_FILE = StrategyMode/Info.plist;
				LD_RUNPATH_SEARCH_PATHS = "$(inherited) @executable_path/Frameworks";
				PRODUCT_BUNDLE_IDENTIFIER = com.ibuildtek.StrategyMode;
				PRODUCT_NAME = "$(TARGET_NAME)";
				SWIFT_VERSION = 3.0;
			};
			name = Release;
		};
/* End XCBuildConfiguration section */

/* Begin XCConfigurationList section */
		945FD4621F73DAAF00745016 /* Build configuration list for PBXProject "StrategyMode" */ = {
			isa = XCConfigurationList;
			buildConfigurations = (
				945FD4771F73DAAF00745016 /* Debug */,
				945FD4781F73DAAF00745016 /* Release */,
			);
			defaultConfigurationIsVisible = 0;
			defaultConfigurationName = Release;
		};
		945FD4791F73DAAF00745016 /* Build configuration list for PBXNativeTarget "StrategyMode" */ = {
			isa = XCConfigurationList;
			buildConfigurations = (
				945FD47A1F73DAAF00745016 /* Debug */,
				945FD47B1F73DAAF00745016 /* Release */,
			);
			defaultConfigurationIsVisible = 0;
			defaultConfigurationName = Release;
		};
/* End XCConfigurationList section */
	};
	rootObject = 945FD45F1F73DAAF00745016 /* Project object */;
}
